
Microsoft Visual Studio Solution File, Format Version 12.00
# Visual Studio Version 17
VisualStudioVersion = 17.10.34607.79
MinimumVisualStudioVersion = 10.0.40219.1
Project("{FAE04EC0-301F-11D3-BF4B-00C04F79EFBC}") = "Module_11_OOP_WPF_HOME_WORK", "Module_11_OOP_WPF_HOME_WORK.csproj", "{199C1285-3296-4698-A3D9-15AFADBBDE7A}"
EndProject
Global
	GlobalSection(SolutionConfigurationPlatforms) = preSolution
		Debug|Any CPU = Debug|Any CPU
		Release|Any CPU = Release|Any CPU
	EndGlobalSection
	GlobalSection(ProjectConfigurationPlatforms) = postSolution
		{199C1285-3296-4698-A3D9-15AFADBBDE7A}.Debug|Any CPU.ActiveCfg = Debug|Any CPU
		{199C1285-3296-4698-A3D9-15AFADBBDE7A}.Debug|Any CPU.Build.0 = Debug|Any CPU
		{199C1285-3296-4698-A3D9-15AFADBBDE7A}.Release|Any CPU.ActiveCfg = Release|Any CPU
		{199C1285-3296-4698-A3D9-15AFADBBDE7A}.Release|Any CPU.Build.0 = Release|Any CPU
	EndGlobalSection
	GlobalSection(SolutionProperties) = preSolution
		HideSolutionNode = FALSE
	EndGlobalSection
	GlobalSection(ExtensibilityGlobals) = postSolution
		SolutionGuid = {39BE5B60-6FF2-4AFC-9E07-39D27DE908D0}
	EndGlobalSection
EndGlobal
